{
  "version": 4,
  "terraform_version": "1.7.5",
  "serial": 5,
  "lineage": "82322743-4be7-80b4-0e87-51066a94e8e2",
  "outputs": {},
  "resources": [
    {
      "mode": "managed",
      "type": "google_sql_database_instance",
      "name": "default",
      "provider": "provider[\"registry.terraform.io/hashicorp/google\"]",
      "instances": [
        {
          "schema_version": 0,
          "attributes": {
            "available_maintenance_versions": [],
            "clone": [],
            "connection_name": "youtubereviews-418617:us-west1:youtube-comments-instance",
            "database_version": "POSTGRES_12",
            "deletion_protection": true,
            "dns_name": "",
            "encryption_key_name": null,
            "first_ip_address": "34.105.49.218",
            "id": "youtube-comments-instance",
            "instance_type": "CLOUD_SQL_INSTANCE",
            "ip_address": [
              {
                "ip_address": "34.105.49.218",
                "time_to_retire": "",
                "type": "PRIMARY"
              },
              {
                "ip_address": "34.168.9.52",
                "time_to_retire": "",
                "type": "OUTGOING"
              }
            ],
            "maintenance_version": "POSTGRES_12_17.R20240130.00_07",
            "master_instance_name": "",
            "name": "youtube-comments-instance",
            "private_ip_address": "",
            "project": "youtubereviews-418617",
            "psc_service_attachment_link": "",
            "public_ip_address": "34.105.49.218",
            "region": "us-west1",
            "replica_configuration": [],
            "restore_backup_context": [],
            "root_password": null,
            "self_link": "https://sqladmin.googleapis.com/sql/v1beta4/projects/youtubereviews-418617/instances/youtube-comments-instance",
            "server_ca_cert": [
              {
                "cert": "-----BEGIN CERTIFICATE-----\nMIIDfzCCAmegAwIBAgIBADANBgkqhkiG9w0BAQsFADB3MS0wKwYDVQQuEyQ4Y2I0\nZmE5NC1hNzJjLTRmNGItOTk2ZS04NjBiNDY1MzlhZDIxIzAhBgNVBAMTGkdvb2ds\nZSBDbG91ZCBTUUwgU2VydmVyIENBMRQwEgYDVQQKEwtHb29nbGUsIEluYzELMAkG\nA1UEBhMCVVMwHhcNMjQwMzI5MTcxMDIxWhcNMzQwMzI3MTcxMTIxWjB3MS0wKwYD\nVQQuEyQ4Y2I0ZmE5NC1hNzJjLTRmNGItOTk2ZS04NjBiNDY1MzlhZDIxIzAhBgNV\nBAMTGkdvb2dsZSBDbG91ZCBTUUwgU2VydmVyIENBMRQwEgYDVQQKEwtHb29nbGUs\nIEluYzELMAkGA1UEBhMCVVMwggEiMA0GCSqGSIb3DQEBAQUAA4IBDwAwggEKAoIB\nAQC6lySaxENtZE4iiVKr4biN3GqOyERbjfVF40hIHYj8lIWFFa2ILt+r6qygBqoO\nnAmDRRRvs5vaMuS/60WjAlw3nGFyrOd3GI4yLlYb1KaQW5csUbfQGr9mR4GRwBk6\nwz5TNiHqFiPqiWZ8h7GvpHB+PrR9TJaMbW/zs12uObf18AuJqYWKqiDdCQbzf0OL\ntl9VzkdGG7kTRqcnie6KgGeHtk2lq+MkU4vQK0YNVAb5ra52dZTNFjZyH5OvnHGS\nS7uiSThdiDQZOOaHLx/N/aoeE+eIxFe0uyXKGQ6lGn5QmxXeuKVLrsIMAJyoFqEU\n8Sh9bTUZlpthCa7dwUf/DK15AgMBAAGjFjAUMBIGA1UdEwEB/wQIMAYBAf8CAQAw\nDQYJKoZIhvcNAQELBQADggEBAEw5BIz2OCEEdzIUL5w0lMawO1hsmP1K7f3M+fsH\nbHui1p6nqu9jKkIYJwOCHB8pw1yIRaQhw0maCArgnnMldPXKbSVRnOdwy5NDS62Z\ns2+VLbhMucmEZkdeVIo0auvgzHnTZ4oDSQ/zVIYTUUaOLPHR/kGcrTDO9aMXM0NH\ndjEfLsh6OkbCJZdeffU4OGbyUaYtdRBauARKpuhKweSFT23Xn9T31ludJhstIrq+\nKCAtCXC05gY7Ejb0pGOeZE4eJquV6IYJK7FjYWQCEqAOBuM3Jv9oUJD0KwPPG7kO\npHrZokv7SqRQ8FHJvy/Qu9ghwMEEX1o/dcQg4O00UBkGnD4=\n-----END CERTIFICATE-----",
                "common_name": "C=US,O=Google\\, Inc,CN=Google Cloud SQL Server CA,dnQualifier=8cb4fa94-a72c-4f4b-996e-860b46539ad2",
                "create_time": "2024-03-29T17:10:21.152Z",
                "expiration_time": "2034-03-27T17:11:21.152Z",
                "sha1_fingerprint": "7d75210ed198679637e503aac5eab241e5333321"
              }
            ],
            "service_account_email_address": "p855573486641-bqbzv2@gcp-sa-cloud-sql.iam.gserviceaccount.com",
            "settings": [
              {
                "activation_policy": "ALWAYS",
                "active_directory_config": [],
                "advanced_machine_features": [],
                "availability_type": "ZONAL",
                "backup_configuration": [
                  {
                    "backup_retention_settings": [
                      {
                        "retained_backups": 7,
                        "retention_unit": "COUNT"
                      }
                    ],
                    "binary_log_enabled": false,
                    "enabled": false,
                    "location": "",
                    "point_in_time_recovery_enabled": false,
                    "start_time": "00:00",
                    "transaction_log_retention_days": 7
                  }
                ],
                "collation": "",
                "connector_enforcement": "NOT_REQUIRED",
                "data_cache_config": [],
                "database_flags": [],
                "deletion_protection_enabled": false,
                "deny_maintenance_period": [],
                "disk_autoresize": true,
                "disk_autoresize_limit": 0,
                "disk_size": 10,
                "disk_type": "PD_SSD",
                "edition": "ENTERPRISE",
                "insights_config": [],
                "ip_configuration": [
                  {
                    "allocated_ip_range": "",
                    "authorized_networks": [],
                    "enable_private_path_for_google_cloud_services": false,
                    "ipv4_enabled": true,
                    "private_network": "",
                    "psc_config": [],
                    "require_ssl": false,
                    "ssl_mode": ""
                  }
                ],
                "location_preference": [
                  {
                    "follow_gae_application": "",
                    "secondary_zone": "",
                    "zone": "us-west1-c"
                  }
                ],
                "maintenance_window": [],
                "password_validation_policy": [],
                "pricing_plan": "PER_USE",
                "sql_server_audit_config": [],
                "tier": "db-f1-micro",
                "time_zone": "",
                "user_labels": {},
                "version": 1
              }
            ],
            "timeouts": null
          },
          "sensitive_attributes": [],
          "private": "eyJlMmJmYjczMC1lY2FhLTExZTYtOGY4OC0zNDM2M2JjN2M0YzAiOnsiY3JlYXRlIjoyNDAwMDAwMDAwMDAwLCJkZWxldGUiOjE4MDAwMDAwMDAwMDAsInVwZGF0ZSI6MTgwMDAwMDAwMDAwMH19"
        }
      ]
    },
    {
      "mode": "managed",
      "type": "google_sql_user",
      "name": "default",
      "provider": "provider[\"registry.terraform.io/hashicorp/google\"]",
      "instances": [
        {
          "schema_version": 1,
          "attributes": {
            "deletion_policy": null,
            "host": "",
            "id": "youtube_user//youtube-comments-instance",
            "instance": "youtube-comments-instance",
            "name": "youtube_user",
            "password": "Lucas Gouiffes",
            "password_policy": [],
            "project": "youtubereviews-418617",
            "sql_server_user_details": [],
            "timeouts": null,
            "type": ""
          },
          "sensitive_attributes": [],
          "private": "eyJlMmJmYjczMC1lY2FhLTExZTYtOGY4OC0zNDM2M2JjN2M0YzAiOnsiY3JlYXRlIjo2MDAwMDAwMDAwMDAsImRlbGV0ZSI6NjAwMDAwMDAwMDAwLCJ1cGRhdGUiOjYwMDAwMDAwMDAwMH0sInNjaGVtYV92ZXJzaW9uIjoiMSJ9",
          "dependencies": [
            "google_sql_database_instance.default"
          ]
        }
      ]
    }
  ],
  "check_results": null
}
